# This file is automatically @generated by Poetry 1.8.1 and should not be changed by hand.

[[package]]
name = "aiosmtplib"
version = "3.0.1"
description = "asyncio SMTP client"
optional = false
python-versions = ">=3.8,<4.0"
files = [
    {file = "aiosmtplib-3.0.1-py3-none-any.whl", hash = "sha256:abcceae7e820577307b4cda2041b2c25e5121469c0e186764ddf8e15b12064cd"},
    {file = "aiosmtplib-3.0.1.tar.gz", hash = "sha256:43580604b152152a221598be3037f0ae6359c2817187ac4433bd857bc3fc6513"},
]

[package.extras]
docs = ["furo (>=2023.9.10,<2024.0.0)", "sphinx (>=7.0.0,<8.0.0)", "sphinx-copybutton (>=0.5.0,<0.6.0)", "sphinx_autodoc_typehints (>=1.24.0,<2.0.0)"]
uvloop = ["uvloop (>=0.18,<0.19)"]

[[package]]
name = "nats-py"
version = "2.8.0"
description = "NATS client for Python"
optional = false
python-versions = ">=3.7"
files = [
    {file = "nats_py-2.8.0.tar.gz", hash = "sha256:e998dcacd711db3b90b469dcdd96c526cc56c421bad27be0f5f40e88005a7c44"},
]

[package.extras]
aiohttp = ["aiohttp"]
fast-parse = ["fast-mail-parser"]
nkeys = ["nkeys"]

[[package]]
name = "python-dotenv"
version = "1.0.1"
description = "Read key-value pairs from a .env file and set them as environment variables"
optional = false
python-versions = ">=3.8"
files = [
    {file = "python-dotenv-1.0.1.tar.gz", hash = "sha256:e324ee90a023d808f1959c46bcbc04446a10ced277783dc6ee09987c37ec10ca"},
    {file = "python_dotenv-1.0.1-py3-none-any.whl", hash = "sha256:f7b63ef50f1b690dddf550d03497b66d609393b40b564ed0d674909a68ebf16a"},
]

[package.extras]
cli = ["click (>=5.0)"]

[metadata]
lock-version = "2.0"
python-versions = "^3.11"
content-hash = "cb8665d03c47315e32e727387deb1c503b5f090685592fc13cdeb1a1fb0c1a86"
